
Microsoft Visual Studio Solution File, Format Version 11.00
# Visual Studio 2010
Project("{FAE04EC0-301F-11D3-BF4B-00C04F79EFBC}") = "Assembly-CSharp", "Assembly-CSharp.csproj", "{C1197817-7FFE-71B9-3428-5A43E03BD634}"
EndProject
Project("{FAE04EC0-301F-11D3-BF4B-00C04F79EFBC}") = "Assembly-CSharp-Editor", "Assembly-CSharp-Editor.csproj", "{B3BD007D-41CE-FE20-16F0-1B8527589AC7}"
EndProject
Global
	GlobalSection(SolutionConfigurationPlatforms) = preSolution
		Debug|Any CPU = Debug|Any CPU
		Release|Any CPU = Release|Any CPU
	EndGlobalSection
	GlobalSection(ProjectConfigurationPlatforms) = postSolution
		{C1197817-7FFE-71B9-3428-5A43E03BD634}.Debug|Any CPU.ActiveCfg = Debug|Any CPU
		{C1197817-7FFE-71B9-3428-5A43E03BD634}.Debug|Any CPU.Build.0 = Debug|Any CPU
		{C1197817-7FFE-71B9-3428-5A43E03BD634}.Release|Any CPU.ActiveCfg = Release|Any CPU
		{C1197817-7FFE-71B9-3428-5A43E03BD634}.Release|Any CPU.Build.0 = Release|Any CPU
		{B3BD007D-41CE-FE20-16F0-1B8527589AC7}.Debug|Any CPU.ActiveCfg = Debug|Any CPU
		{B3BD007D-41CE-FE20-16F0-1B8527589AC7}.Debug|Any CPU.Build.0 = Debug|Any CPU
		{B3BD007D-41CE-FE20-16F0-1B8527589AC7}.Release|Any CPU.ActiveCfg = Release|Any CPU
		{B3BD007D-41CE-FE20-16F0-1B8527589AC7}.Release|Any CPU.Build.0 = Release|Any CPU
	EndGlobalSection
	GlobalSection(SolutionProperties) = preSolution
		HideSolutionNode = FALSE
	EndGlobalSection
	GlobalSection(MonoDevelopProperties) = preSolution
		StartupItem = Assembly-CSharp.csproj
	EndGlobalSection
EndGlobal
